// !$*UTF8*$!
{
	archiveVersion = 1;
	classes = {
	};
	objectVersion = 56;
	objects = {

/* Begin PBXBuildFile section */
		A32FAA4F2C27DB1200C09A0C /* _87BallApp.swift in Sources */ = {isa = PBXBuildFile; fileRef = A32FAA4E2C27DB1200C09A0C /* _87BallApp.swift */; };
		A32FAA512C27DB1200C09A0C /* ContentView.swift in Sources */ = {isa = PBXBuildFile; fileRef = A32FAA502C27DB1200C09A0C /* ContentView.swift */; };
		A32FAA532C27DB1400C09A0C /* Assets.xcassets in Resources */ = {isa = PBXBuildFile; fileRef = A32FAA522C27DB1400C09A0C /* Assets.xcassets */; };
		A32FAA562C27DB1400C09A0C /* Preview Assets.xcassets in Resources */ = {isa = PBXBuildFile; fileRef = A32FAA552C27DB1400C09A0C /* Preview Assets.xcassets */; };
		A32FAA602C27DB1500C09A0C /* _87BallTests.swift in Sources */ = {isa = PBXBuildFile; fileRef = A32FAA5F2C27DB1500C09A0C /* _87BallTests.swift */; };
		A32FAA6A2C27DB1500C09A0C /* _87BallUITests.swift in Sources */ = {isa = PBXBuildFile; fileRef = A32FAA692C27DB1500C09A0C /* _87BallUITests.swift */; };
		A32FAA6C2C27DB1500C09A0C /* _87BallUITestsLaunchTests.swift in Sources */ = {isa = PBXBuildFile; fileRef = A32FAA6B2C27DB1500C09A0C /* _87BallUITestsLaunchTests.swift */; };
		A37FEC692C27F2ED006A8A03 /* shake.swift in Sources */ = {isa = PBXBuildFile; fileRef = A37FEC682C27F2ED006A8A03 /* shake.swift */; };
/* End PBXBuildFile section */

/* Begin PBXContainerItemProxy section */
		A32FAA5C2C27DB1500C09A0C /* PBXContainerItemProxy */ = {
			isa = PBXContainerItemProxy;
			containerPortal = A32FAA432C27DB1200C09A0C /* Project object */;
			proxyType = 1;
			remoteGlobalIDString = A32FAA4A2C27DB1200C09A0C;
			remoteInfo = 087Ball;
		};
		A32FAA662C27DB1500C09A0C /* PBXContainerItemProxy */ = {
			isa = PBXContainerItemProxy;
			containerPortal = A32FAA432C27DB1200C09A0C /* Project object */;
			proxyType = 1;
			remoteGlobalIDString = A32FAA4A2C27DB1200C09A0C;
			remoteInfo = 087Ball;
		};
/* End PBXContainerItemProxy section */

/* Begin PBXFileReference section */
		A32FAA4B2C27DB1200C09A0C /* 087Ball.app */ = {isa = PBXFileReference; explicitFileType = wrapper.application; includeInIndex = 0; path = 087Ball.app; sourceTree = BUILT_PRODUCTS_DIR; };
		A32FAA4E2C27DB1200C09A0C /* _87BallApp.swift */ = {isa = PBXFileReference; lastKnownFileType = sourcecode.swift; path = _87BallApp.swift; sourceTree = "<group>"; };
		A32FAA502C27DB1200C09A0C /* ContentView.swift */ = {isa = PBXFileReference; lastKnownFileType = sourcecode.swift; path = ContentView.swift; sourceTree = "<group>"; };
		A32FAA522C27DB1400C09A0C /* Assets.xcassets */ = {isa = PBXFileReference; lastKnownFileType = folder.assetcatalog; path = Assets.xcassets; sourceTree = "<group>"; };
		A32FAA552C27DB1400C09A0C /* Preview Assets.xcassets */ = {isa = PBXFileReference; lastKnownFileType = folder.assetcatalog; path = "Preview Assets.xcassets"; sourceTree = "<group>"; };
		A32FAA5B2C27DB1500C09A0C /* 087BallTests.xctest */ = {isa = PBXFileReference; explicitFileType = wrapper.cfbundle; includeInIndex = 0; path = 087BallTests.xctest; sourceTree = BUILT_PRODUCTS_DIR; };
		A32FAA5F2C27DB1500C09A0C /* _87BallTests.swift */ = {isa = PBXFileReference; lastKnownFileType = sourcecode.swift; path = _87BallTests.swift; sourceTree = "<group>"; };
		A32FAA652C27DB1500C09A0C /* 087BallUITests.xctest */ = {isa = PBXFileReference; explicitFileType = wrapper.cfbundle; includeInIndex = 0; path = 087BallUITests.xctest; sourceTree = BUILT_PRODUCTS_DIR; };
		A32FAA692C27DB1500C09A0C /* _87BallUITests.swift */ = {isa = PBXFileReference; lastKnownFileType = sourcecode.swift; path = _87BallUITests.swift; sourceTree = "<group>"; };
		A32FAA6B2C27DB1500C09A0C /* _87BallUITestsLaunchTests.swift */ = {isa = PBXFileReference; lastKnownFileType = sourcecode.swift; path = _87BallUITestsLaunchTests.swift; sourceTree = "<group>"; };
		A37FEC682C27F2ED006A8A03 /* shake.swift */ = {isa = PBXFileReference; lastKnownFileType = sourcecode.swift; path = shake.swift; sourceTree = "<group>"; };
/* End PBXFileReference section */

/* Begin PBXFrameworksBuildPhase section */
		A32FAA482C27DB1200C09A0C /* Frameworks */ = {
			isa = PBXFrameworksBuildPhase;
			buildActionMask = 2147483647;
			files = (
			);
			runOnlyForDeploymentPostprocessing = 0;
		};
		A32FAA582C27DB1500C09A0C /* Frameworks */ = {
			isa = PBXFrameworksBuildPhase;
			buildActionMask = 2147483647;
			files = (
			);
			runOnlyForDeploymentPostprocessing = 0;
		};
		A32FAA622C27DB1500C09A0C /* Frameworks */ = {
			isa = PBXFrameworksBuildPhase;
			buildActionMask = 2147483647;
			files = (
			);
			runOnlyForDeploymentPostprocessing = 0;
		};
/* End PBXFrameworksBuildPhase section */

/* Begin PBXGroup section */
		A32FAA422C27DB1200C09A0C = {
			isa = PBXGroup;
			children = (
				A32FAA4D2C27DB1200C09A0C /* 087Ball */,
				A32FAA5E2C27DB1500C09A0C /* 087BallTests */,
				A32FAA682C27DB1500C09A0C /* 087BallUITests */,
				A32FAA4C2C27DB1200C09A0C /* Products */,
			);
			sourceTree = "<group>";
		};
		A32FAA4C2C27DB1200C09A0C /* Products */ = {
			isa = PBXGroup;
			children = (
				A32FAA4B2C27DB1200C09A0C /* 087Ball.app */,
				A32FAA5B2C27DB1500C09A0C /* 087BallTests.xctest */,
				A32FAA652C27DB1500C09A0C /* 087BallUITests.xctest */,
			);
			name = Products;
			sourceTree = "<group>";
		};
		A32FAA4D2C27DB1200C09A0C /* 087Ball */ = {
			isa = PBXGroup;
			children = (
				A32FAA4E2C27DB1200C09A0C /* _87BallApp.swift */,
				A32FAA502C27DB1200C09A0C /* ContentView.swift */,
				A37FEC682C27F2ED006A8A03 /* shake.swift */,
				A32FAA522C27DB1400C09A0C /* Assets.xcassets */,
				A32FAA542C27DB1400C09A0C /* Preview Content */,
			);
			path = 087Ball;
			sourceTree = "<group>";
		};
		A32FAA542C27DB1400C09A0C /* Preview Content */ = {
			isa = PBXGroup;
			children = (
				A32FAA552C27DB1400C09A0C /* Preview Assets.xcassets */,
			);
			path = "Preview Content";
			sourceTree = "<group>";
		};
		A32FAA5E2C27DB1500C09A0C /* 087BallTests */ = {
			isa = PBXGroup;
			children = (
				A32FAA5F2C27DB1500C09A0C /* _87BallTests.swift */,
			);
			path = 087BallTests;
			sourceTree = "<group>";
		};
		A32FAA682C27DB1500C09A0C /* 087BallUITests */ = {
			isa = PBXGroup;
			children = (
				A32FAA692C27DB1500C09A0C /* _87BallUITests.swift */,
				A32FAA6B2C27DB1500C09A0C /* _87BallUITestsLaunchTests.swift */,
			);
			path = 087BallUITests;
			sourceTree = "<group>";
		};
/* End PBXGroup section */

/* Begin PBXNativeTarget section */
		A32FAA4A2C27DB1200C09A0C /* 087Ball */ = {
			isa = PBXNativeTarget;
			buildConfigurationList = A32FAA6F2C27DB1500C09A0C /* Build configuration list for PBXNativeTarget "087Ball" */;
			buildPhases = (
				A32FAA472C27DB1200C09A0C /* Sources */,
				A32FAA482C27DB1200C09A0C /* Frameworks */,
				A32FAA492C27DB1200C09A0C /* Resources */,
			);
			buildRules = (
			);
			dependencies = (
			);
			name = 087Ball;
			productName = 087Ball;
			productReference = A32FAA4B2C27DB1200C09A0C /* 087Ball.app */;
			productType = "com.apple.product-type.application";
		};
		A32FAA5A2C27DB1500C09A0C /* 087BallTests */ = {
			isa = PBXNativeTarget;
			buildConfigurationList = A32FAA722C27DB1500C09A0C /* Build configuration list for PBXNativeTarget "087BallTests" */;
			buildPhases = (
				A32FAA572C27DB1500C09A0C /* Sources */,
				A32FAA582C27DB1500C09A0C /* Frameworks */,
				A32FAA592C27DB1500C09A0C /* Resources */,
			);
			buildRules = (
			);
			dependencies = (
				A32FAA5D2C27DB1500C09A0C /* PBXTargetDependency */,
			);
			name = 087BallTests;
			productName = 087BallTests;
			productReference = A32FAA5B2C27DB1500C09A0C /* 087BallTests.xctest */;
			productType = "com.apple.product-type.bundle.unit-test";
		};
		A32FAA642C27DB1500C09A0C /* 087BallUITests */ = {
			isa = PBXNativeTarget;
			buildConfigurationList = A32FAA752C27DB1500C09A0C /* Build configuration list for PBXNativeTarget "087BallUITests" */;
			buildPhases = (
				A32FAA612C27DB1500C09A0C /* Sources */,
				A32FAA622C27DB1500C09A0C /* Frameworks */,
				A32FAA632C27DB1500C09A0C /* Resources */,
			);
			buildRules = (
			);
			dependencies = (
				A32FAA672C27DB1500C09A0C /* PBXTargetDependency */,
			);
			name = 087BallUITests;
			productName = 087BallUITests;
			productReference = A32FAA652C27DB1500C09A0C /* 087BallUITests.xctest */;
			productType = "com.apple.product-type.bundle.ui-testing";
		};
/* End PBXNativeTarget section */

/* Begin PBXProject section */
		A32FAA432C27DB1200C09A0C /* Project object */ = {
			isa = PBXProject;
			attributes = {
				BuildIndependentTargetsInParallel = 1;
				LastSwiftUpdateCheck = 1540;
				LastUpgradeCheck = 1540;
				TargetAttributes = {
					A32FAA4A2C27DB1200C09A0C = {
						CreatedOnToolsVersion = 15.4;
					};
					A32FAA5A2C27DB1500C09A0C = {
						CreatedOnToolsVersion = 15.4;
						TestTargetID = A32FAA4A2C27DB1200C09A0C;
					};
					A32FAA642C27DB1500C09A0C = {
						CreatedOnToolsVersion = 15.4;
						TestTargetID = A32FAA4A2C27DB1200C09A0C;
					};
				};
			};
			buildConfigurationList = A32FAA462C27DB1200C09A0C /* Build configuration list for PBXProject "087Ball" */;
			compatibilityVersion = "Xcode 14.0";
			developmentRegion = en;
			hasScannedForEncodings = 0;
			knownRegions = (
				en,
				Base,
			);
			mainGroup = A32FAA422C27DB1200C09A0C;
			productRefGroup = A32FAA4C2C27DB1200C09A0C /* Products */;
			projectDirPath = "";
			projectRoot = "";
			targets = (
				A32FAA4A2C27DB1200C09A0C /* 087Ball */,
				A32FAA5A2C27DB1500C09A0C /* 087BallTests */,
				A32FAA642C27DB1500C09A0C /* 087BallUITests */,
			);
		};
/* End PBXProject section */

/* Begin PBXResourcesBuildPhase section */
		A32FAA492C27DB1200C09A0C /* Resources */ = {
			isa = PBXResourcesBuildPhase;
			buildActionMask = 2147483647;
			files = (
				A32FAA562C27DB1400C09A0C /* Preview Assets.xcassets in Resources */,
				A32FAA532C27DB1400C09A0C /* Assets.xcassets in Resources */,
			);
			runOnlyForDeploymentPostprocessing = 0;
		};
		A32FAA592C27DB1500C09A0C /* Resources */ = {
			isa = PBXResourcesBuildPhase;
			buildActionMask = 2147483647;
			files = (
			);
			runOnlyForDeploymentPostprocessing = 0;
		};
		A32FAA632C27DB1500C09A0C /* Resources */ = {
			isa = PBXResourcesBuildPhase;
			buildActionMask = 2147483647;
			files = (
			);
			runOnlyForDeploymentPostprocessing = 0;
		};
/* End PBXResourcesBuildPhase section */

/* Begin PBXSourcesBuildPhase section */
		A32FAA472C27DB1200C09A0C /* Sources */ = {
			isa = PBXSourcesBuildPhase;
			buildActionMask = 2147483647;
			files = (
				A32FAA512C27DB1200C09A0C /* ContentView.swift in Sources */,
				A32FAA4F2C27DB1200C09A0C /* _87BallApp.swift in Sources */,
				A37FEC692C27F2ED006A8A03 /* shake.swift in Sources */,
			);
			runOnlyForDeploymentPostprocessing = 0;
		};
		A32FAA572C27DB1500C09A0C /* Sources */ = {
			isa = PBXSourcesBuildPhase;
			buildActionMask = 2147483647;
			files = (
				A32FAA602C27DB1500C09A0C /* _87BallTests.swift in Sources */,
			);
			runOnlyForDeploymentPostprocessing = 0;
		};
		A32FAA612C27DB1500C09A0C /* Sources */ = {
			isa = PBXSourcesBuildPhase;
			buildActionMask = 2147483647;
			files = (
				A32FAA6C2C27DB1500C09A0C /* _87BallUITestsLaunchTests.swift in Sources */,
				A32FAA6A2C27DB1500C09A0C /* _87BallUITests.swift in Sources */,
			);
			runOnlyForDeploymentPostprocessing = 0;
		};
/* End PBXSourcesBuildPhase section */

/* Begin PBXTargetDependency section */
		A32FAA5D2C27DB1500C09A0C /* PBXTargetDependency */ = {
			isa = PBXTargetDependency;
			target = A32FAA4A2C27DB1200C09A0C /* 087Ball */;
			targetProxy = A32FAA5C2C27DB1500C09A0C /* PBXContainerItemProxy */;
		};
		A32FAA672C27DB1500C09A0C /* PBXTargetDependency */ = {
			isa = PBXTargetDependency;
			target = A32FAA4A2C27DB1200C09A0C /* 087Ball */;
			targetProxy = A32FAA662C27DB1500C09A0C /* PBXContainerItemProxy */;
		};
/* End PBXTargetDependency section */

/* Begin XCBuildConfiguration section */
		A32FAA6D2C27DB1500C09A0C /* Debug */ = {
			isa = XCBuildConfiguration;
			buildSettings = {
				ALWAYS_SEARCH_USER_PATHS = NO;
				ASSETCATALOG_COMPILER_GENERATE_SWIFT_ASSET_SYMBOL_EXTENSIONS = YES;
				CLANG_ANALYZER_NONNULL = YES;
				CLANG_ANALYZER_NUMBER_OBJECT_CONVERSION = YES_AGGRESSIVE;
				CLANG_CXX_LANGUAGE_STANDARD = "gnu++20";
				CLANG_ENABLE_MODULES = YES;
				CLANG_ENABLE_OBJC_ARC = YES;
				CLANG_ENABLE_OBJC_WEAK = YES;
				CLANG_WARN_BLOCK_CAPTURE_AUTORELEASING = YES;
				CLANG_WARN_BOOL_CONVERSION = YES;
				CLANG_WARN_COMMA = YES;
				CLANG_WARN_CONSTANT_CONVERSION = YES;
				CLANG_WARN_DEPRECATED_OBJC_IMPLEMENTATIONS = YES;
				CLANG_WARN_DIRECT_OBJC_ISA_USAGE = YES_ERROR;
				CLANG_WARN_DOCUMENTATION_COMMENTS = YES;
				CLANG_WARN_EMPTY_BODY = YES;
				CLANG_WARN_ENUM_CONVERSION = YES;
				CLANG_WARN_INFINITE_RECURSION = YES;
				CLANG_WARN_INT_CONVERSION = YES;
				CLANG_WARN_NON_LITERAL_NULL_CONVERSION = YES;
				CLANG_WARN_OBJC_IMPLICIT_RETAIN_SELF = YES;
				CLANG_WARN_OBJC_LITERAL_CONVERSION = YES;
				CLANG_WARN_OBJC_ROOT_CLASS = YES_ERROR;
				CLANG_WARN_QUOTED_INCLUDE_IN_FRAMEWORK_HEADER = YES;
				CLANG_WARN_RANGE_LOOP_ANALYSIS = YES;
				CLANG_WARN_STRICT_PROTOTYPES = YES;
				CLANG_WARN_SUSPICIOUS_MOVE = YES;
				CLANG_WARN_UNGUARDED_AVAILABILITY = YES_AGGRESSIVE;
				CLANG_WARN_UNREACHABLE_CODE = YES;
				CLANG_WARN__DUPLICATE_METHOD_MATCH = YES;
				COPY_PHASE_STRIP = NO;
				DEBUG_INFORMATION_FORMAT = dwarf;
				ENABLE_STRICT_OBJC_MSGSEND = YES;
				ENABLE_TESTABILITY = YES;
				ENABLE_USER_SCRIPT_SANDBOXING = YES;
				GCC_C_LANGUAGE_STANDARD = gnu17;
				GCC_DYNAMIC_NO_PIC = NO;
				GCC_NO_COMMON_BLOCKS = YES;
				GCC_OPTIMIZATION_LEVEL = 0;
				GCC_PREPROCESSOR_DEFINITIONS = (
					"DEBUG=1",
					"$(inherited)",
				);
				GCC_WARN_64_TO_32_BIT_CONVERSION = YES;
				GCC_WARN_ABOUT_RETURN_TYPE = YES_ERROR;
				GCC_WARN_UNDECLARED_SELECTOR = YES;
				GCC_WARN_UNINITIALIZED_AUTOS = YES_AGGRESSIVE;
				GCC_WARN_UNUSED_FUNCTION = YES;
				GCC_WARN_UNUSED_VARIABLE = YES;
				IPHONEOS_DEPLOYMENT_TARGET = 17.5;
				LOCALIZATION_PREFERS_STRING_CATALOGS = YES;
				MTL_ENABLE_DEBUG_INFO = INCLUDE_SOURCE;
				MTL_FAST_MATH = YES;
				ONLY_ACTIVE_ARCH = YES;
				SDKROOT = iphoneos;
				SWIFT_ACTIVE_COMPILATION_CONDITIONS = "DEBUG $(inherited)";
				SWIFT_OPTIMIZATION_LEVEL = "-Onone";
			};
			name = Debug;
		};
		A32FAA6E2C27DB1500C09A0C /* Release */ = {
			isa = XCBuildConfiguration;
			buildSettings = {
				ALWAYS_SEARCH_USER_PATHS = NO;
				ASSETCATALOG_COMPILER_GENERATE_SWIFT_ASSET_SYMBOL_EXTENSIONS = YES;
				CLANG_ANALYZER_NONNULL = YES;
				CLANG_ANALYZER_NUMBER_OBJECT_CONVERSION = YES_AGGRESSIVE;
				CLANG_CXX_LANGUAGE_STANDARD = "gnu++20";
				CLANG_ENABLE_MODULES = YES;
				CLANG_ENABLE_OBJC_ARC = YES;
				CLANG_ENABLE_OBJC_WEAK = YES;
				CLANG_WARN_BLOCK_CAPTURE_AUTORELEASING = YES;
				CLANG_WARN_BOOL_CONVERSION = YES;
				CLANG_WARN_COMMA = YES;
				CLANG_WARN_CONSTANT_CONVERSION = YES;
				CLANG_WARN_DEPRECATED_OBJC_IMPLEMENTATIONS = YES;
				CLANG_WARN_DIRECT_OBJC_ISA_USAGE = YES_ERROR;
				CLANG_WARN_DOCUMENTATION_COMMENTS = YES;
				CLANG_WARN_EMPTY_BODY = YES;
				CLANG_WARN_ENUM_CONVERSION = YES;
				CLANG_WARN_INFINITE_RECURSION = YES;
				CLANG_WARN_INT_CONVERSION = YES;
				CLANG_WARN_NON_LITERAL_NULL_CONVERSION = YES;
				CLANG_WARN_OBJC_IMPLICIT_RETAIN_SELF = YES;
				CLANG_WARN_OBJC_LITERAL_CONVERSION = YES;
				CLANG_WARN_OBJC_ROOT_CLASS = YES_ERROR;
				CLANG_WARN_QUOTED_INCLUDE_IN_FRAMEWORK_HEADER = YES;
				CLANG_WARN_RANGE_LOOP_ANALYSIS = YES;
				CLANG_WARN_STRICT_PROTOTYPES = YES;
				CLANG_WARN_SUSPICIOUS_MOVE = YES;
				CLANG_WARN_UNGUARDED_AVAILABILITY = YES_AGGRESSIVE;
				CLANG_WARN_UNREACHABLE_CODE = YES;
				CLANG_WARN__DUPLICATE_METHOD_MATCH = YES;
				COPY_PHASE_STRIP = NO;
				DEBUG_INFORMATION_FORMAT = "dwarf-with-dsym";
				ENABLE_NS_ASSERTIONS = NO;
				ENABLE_STRICT_OBJC_MSGSEND = YES;
				ENABLE_USER_SCRIPT_SANDBOXING = YES;
				GCC_C_LANGUAGE_STANDARD = gnu17;
				GCC_NO_COMMON_BLOCKS = YES;
				GCC_WARN_64_TO_32_BIT_CONVERSION = YES;
				GCC_WARN_ABOUT_RETURN_TYPE = YES_ERROR;
				GCC_WARN_UNDECLARED_SELECTOR = YES;
				GCC_WARN_UNINITIALIZED_AUTOS = YES_AGGRESSIVE;
				GCC_WARN_UNUSED_FUNCTION = YES;
				GCC_WARN_UNUSED_VARIABLE = YES;
				IPHONEOS_DEPLOYMENT_TARGET = 17.5;
				LOCALIZATION_PREFERS_STRING_CATALOGS = YES;
				MTL_ENABLE_DEBUG_INFO = NO;
				MTL_FAST_MATH = YES;
				SDKROOT = iphoneos;
				SWIFT_COMPILATION_MODE = wholemodule;
				VALIDATE_PRODUCT = YES;
			};
			name = Release;
		};
		A32FAA702C27DB1500C09A0C /* Debug */ = {
			isa = XCBuildConfiguration;
			buildSettings = {
				ASSETCATALOG_COMPILER_APPICON_NAME = AppIcon;
				ASSETCATALOG_COMPILER_GLOBAL_ACCENT_COLOR_NAME = AccentColor;
				CODE_SIGN_STYLE = Automatic;
				CURRENT_PROJECT_VERSION = 1;
				DEVELOPMENT_ASSET_PATHS = "\"087Ball/Preview Content\"";
				ENABLE_PREVIEWS = YES;
				GENERATE_INFOPLIST_FILE = YES;
				INFOPLIST_KEY_UIApplicationSceneManifest_Generation = YES;
				INFOPLIST_KEY_UIApplicationSupportsIndirectInputEvents = YES;
				INFOPLIST_KEY_UILaunchScreen_Generation = YES;
				INFOPLIST_KEY_UISupportedInterfaceOrientations_iPad = "UIInterfaceOrientationPortrait UIInterfaceOrientationPortraitUpsideDown UIInterfaceOrientationLandscapeLeft UIInterfaceOrientationLandscapeRight";
				INFOPLIST_KEY_UISupportedInterfaceOrientations_iPhone = "UIInterfaceOrientationPortrait UIInterfaceOrientationLandscapeLeft UIInterfaceOrientationLandscapeRight";
				LD_RUNPATH_SEARCH_PATHS = (
					"$(inherited)",
					"@executable_path/Frameworks",
				);
				MARKETING_VERSION = 1.0;
				PRODUCT_BUNDLE_IDENTIFIER = "amie.-87Ball";
				PRODUCT_NAME = "$(TARGET_NAME)";
				SWIFT_EMIT_LOC_STRINGS = YES;
				SWIFT_VERSION = 5.0;
				TARGETED_DEVICE_FAMILY = "1,2";
			};
			name = Debug;
		};
		A32FAA712C27DB1500C09A0C /* Release */ = {
			isa = XCBuildConfiguration;
			buildSettings = {
				ASSETCATALOG_COMPILER_APPICON_NAME = AppIcon;
				ASSETCATALOG_COMPILER_GLOBAL_ACCENT_COLOR_NAME = AccentColor;
				CODE_SIGN_STYLE = Automatic;
				CURRENT_PROJECT_VERSION = 1;
				DEVELOPMENT_ASSET_PATHS = "\"087Ball/Preview Content\"";
				ENABLE_PREVIEWS = YES;
				GENERATE_INFOPLIST_FILE = YES;
				INFOPLIST_KEY_UIApplicationSceneManifest_Generation = YES;
				INFOPLIST_KEY_UIApplicationSupportsIndirectInputEvents = YES;
				INFOPLIST_KEY_UILaunchScreen_Generation = YES;
				INFOPLIST_KEY_UISupportedInterfaceOrientations_iPad = "UIInterfaceOrientationPortrait UIInterfaceOrientationPortraitUpsideDown UIInterfaceOrientationLandscapeLeft UIInterfaceOrientationLandscapeRight";
				INFOPLIST_KEY_UISupportedInterfaceOrientations_iPhone = "UIInterfaceOrientationPortrait UIInterfaceOrientationLandscapeLeft UIInterfaceOrientationLandscapeRight";
				LD_RUNPATH_SEARCH_PATHS = (
					"$(inherited)",
					"@executable_path/Frameworks",
				);
				MARKETING_VERSION = 1.0;
				PRODUCT_BUNDLE_IDENTIFIER = "amie.-87Ball";
				PRODUCT_NAME = "$(TARGET_NAME)";
				SWIFT_EMIT_LOC_STRINGS = YES;
				SWIFT_VERSION = 5.0;
				TARGETED_DEVICE_FAMILY = "1,2";
			};
			name = Release;
		};
		A32FAA732C27DB1500C09A0C /* Debug */ = {
			isa = XCBuildConfiguration;
			buildSettings = {
				ALWAYS_EMBED_SWIFT_STANDARD_LIBRARIES = YES;
				BUNDLE_LOADER = "$(TEST_HOST)";
				CODE_SIGN_STYLE = Automatic;
				CURRENT_PROJECT_VERSION = 1;
				GENERATE_INFOPLIST_FILE = YES;
				IPHONEOS_DEPLOYMENT_TARGET = 17.5;
				MARKETING_VERSION = 1.0;
				PRODUCT_BUNDLE_IDENTIFIER = "amie.-87BallTests";
				PRODUCT_NAME = "$(TARGET_NAME)";
				SWIFT_EMIT_LOC_STRINGS = NO;
				SWIFT_VERSION = 5.0;
				TARGETED_DEVICE_FAMILY = "1,2";
				TEST_HOST = "$(BUILT_PRODUCTS_DIR)/087Ball.app/$(BUNDLE_EXECUTABLE_FOLDER_PATH)/087Ball";
			};
			name = Debug;
		};
		A32FAA742C27DB1500C09A0C /* Release */ = {
			isa = XCBuildConfiguration;
			buildSettings = {
				ALWAYS_EMBED_SWIFT_STANDARD_LIBRARIES = YES;
				BUNDLE_LOADER = "$(TEST_HOST)";
				CODE_SIGN_STYLE = Automatic;
				CURRENT_PROJECT_VERSION = 1;
				GENERATE_INFOPLIST_FILE = YES;
				IPHONEOS_DEPLOYMENT_TARGET = 17.5;
				MARKETING_VERSION = 1.0;
				PRODUCT_BUNDLE_IDENTIFIER = "amie.-87BallTests";
				PRODUCT_NAME = "$(TARGET_NAME)";
				SWIFT_EMIT_LOC_STRINGS = NO;
				SWIFT_VERSION = 5.0;
				TARGETED_DEVICE_FAMILY = "1,2";
				TEST_HOST = "$(BUILT_PRODUCTS_DIR)/087Ball.app/$(BUNDLE_EXECUTABLE_FOLDER_PATH)/087Ball";
			};
			name = Release;
		};
		A32FAA762C27DB1500C09A0C /* Debug */ = {
			isa = XCBuildConfiguration;
			buildSettings = {
				ALWAYS_EMBED_SWIFT_STANDARD_LIBRARIES = YES;
				CODE_SIGN_STYLE = Automatic;
				CURRENT_PROJECT_VERSION = 1;
				GENERATE_INFOPLIST_FILE = YES;
				MARKETING_VERSION = 1.0;
				PRODUCT_BUNDLE_IDENTIFIER = "amie.-87BallUITests";
				PRODUCT_NAME = "$(TARGET_NAME)";
				SWIFT_EMIT_LOC_STRINGS = NO;
				SWIFT_VERSION = 5.0;
				TARGETED_DEVICE_FAMILY = "1,2";
				TEST_TARGET_NAME = 087Ball;
			};
			name = Debug;
		};
		A32FAA772C27DB1500C09A0C /* Release */ = {
			isa = XCBuildConfiguration;
			buildSettings = {
				ALWAYS_EMBED_SWIFT_STANDARD_LIBRARIES = YES;
				CODE_SIGN_STYLE = Automatic;
				CURRENT_PROJECT_VERSION = 1;
				GENERATE_INFOPLIST_FILE = YES;
				MARKETING_VERSION = 1.0;
				PRODUCT_BUNDLE_IDENTIFIER = "amie.-87BallUITests";
				PRODUCT_NAME = "$(TARGET_NAME)";
				SWIFT_EMIT_LOC_STRINGS = NO;
				SWIFT_VERSION = 5.0;
				TARGETED_DEVICE_FAMILY = "1,2";
				TEST_TARGET_NAME = 087Ball;
			};
			name = Release;
		};
/* End XCBuildConfiguration section */

/* Begin XCConfigurationList section */
		A32FAA462C27DB1200C09A0C /* Build configuration list for PBXProject "087Ball" */ = {
			isa = XCConfigurationList;
			buildConfigurations = (
				A32FAA6D2C27DB1500C09A0C /* Debug */,
				A32FAA6E2C27DB1500C09A0C /* Release */,
			);
			defaultConfigurationIsVisible = 0;
			defaultConfigurationName = Release;
		};
		A32FAA6F2C27DB1500C09A0C /* Build configuration list for PBXNativeTarget "087Ball" */ = {
			isa = XCConfigurationList;
			buildConfigurations = (
				A32FAA702C27DB1500C09A0C /* Debug */,
				A32FAA712C27DB1500C09A0C /* Release */,
			);
			defaultConfigurationIsVisible = 0;
			defaultConfigurationName = Release;
		};
		A32FAA722C27DB1500C09A0C /* Build configuration list for PBXNativeTarget "087BallTests" */ = {
			isa = XCConfigurationList;
			buildConfigurations = (
				A32FAA732C27DB1500C09A0C /* Debug */,
				A32FAA742C27DB1500C09A0C /* Release */,
			);
			defaultConfigurationIsVisible = 0;
			defaultConfigurationName = Release;
		};
		A32FAA752C27DB1500C09A0C /* Build configuration list for PBXNativeTarget "087BallUITests" */ = {
			isa = XCConfigurationList;
			buildConfigurations = (
				A32FAA762C27DB1500C09A0C /* Debug */,
				A32FAA772C27DB1500C09A0C /* Release */,
			);
			defaultConfigurationIsVisible = 0;
			defaultConfigurationName = Release;
		};
/* End XCConfigurationList section */
	};
	rootObject = A32FAA432C27DB1200C09A0C /* Project object */;
}
